
Microsoft Visual Studio Solution File, Format Version 12.00
# Visual Studio Version 17
VisualStudioVersion = 17.14.36221.1 d17.14
MinimumVisualStudioVersion = 10.0.40219.1
Project("{FAE04EC0-301F-11D3-BF4B-00C04F79EFBC}") = "JokeAPI", "JokeAPI\JokeAPI.csproj", "{4BE7F328-FE47-4717-A8A7-868B8476B4DA}"
EndProject
Project("{FAE04EC0-301F-11D3-BF4B-00C04F79EFBC}") = "JokeAPI.Tests", "JokeAPI.Tests\JokeAPI.Tests.csproj", "{0DFC7C39-8912-496B-9C78-65CAF3096909}"
EndProject
Project("{FAE04EC0-301F-11D3-BF4B-00C04F79EFBC}") = "JokeAPI.MSTests.Tests", "JokeAPI.MSTests.Tests\JokeAPI.MSTests.Tests.csproj", "{DE61A78F-FC77-4C4B-A1EC-8402FB16E2F1}"
EndProject
Project("{FAE04EC0-301F-11D3-BF4B-00C04F79EFBC}") = "JokeAPI.Nunit.Tests", "JokeAPI.Nunit.Tests\JokeAPI.Nunit.Tests.csproj", "{0D8376EC-B3D4-45C1-9877-14A5A366F915}"
EndProject
Global
	GlobalSection(SolutionConfigurationPlatforms) = preSolution
		Debug|Any CPU = Debug|Any CPU
		Release|Any CPU = Release|Any CPU
	EndGlobalSection
	GlobalSection(ProjectConfigurationPlatforms) = postSolution
		{4BE7F328-FE47-4717-A8A7-868B8476B4DA}.Debug|Any CPU.ActiveCfg = Debug|Any CPU
		{4BE7F328-FE47-4717-A8A7-868B8476B4DA}.Debug|Any CPU.Build.0 = Debug|Any CPU
		{4BE7F328-FE47-4717-A8A7-868B8476B4DA}.Release|Any CPU.ActiveCfg = Release|Any CPU
		{4BE7F328-FE47-4717-A8A7-868B8476B4DA}.Release|Any CPU.Build.0 = Release|Any CPU
		{0DFC7C39-8912-496B-9C78-65CAF3096909}.Debug|Any CPU.ActiveCfg = Debug|Any CPU
		{0DFC7C39-8912-496B-9C78-65CAF3096909}.Debug|Any CPU.Build.0 = Debug|Any CPU
		{0DFC7C39-8912-496B-9C78-65CAF3096909}.Release|Any CPU.ActiveCfg = Release|Any CPU
		{0DFC7C39-8912-496B-9C78-65CAF3096909}.Release|Any CPU.Build.0 = Release|Any CPU
		{DE61A78F-FC77-4C4B-A1EC-8402FB16E2F1}.Debug|Any CPU.ActiveCfg = Debug|Any CPU
		{DE61A78F-FC77-4C4B-A1EC-8402FB16E2F1}.Debug|Any CPU.Build.0 = Debug|Any CPU
		{DE61A78F-FC77-4C4B-A1EC-8402FB16E2F1}.Release|Any CPU.ActiveCfg = Release|Any CPU
		{DE61A78F-FC77-4C4B-A1EC-8402FB16E2F1}.Release|Any CPU.Build.0 = Release|Any CPU
		{0D8376EC-B3D4-45C1-9877-14A5A366F915}.Debug|Any CPU.ActiveCfg = Debug|Any CPU
		{0D8376EC-B3D4-45C1-9877-14A5A366F915}.Debug|Any CPU.Build.0 = Debug|Any CPU
		{0D8376EC-B3D4-45C1-9877-14A5A366F915}.Release|Any CPU.ActiveCfg = Release|Any CPU
		{0D8376EC-B3D4-45C1-9877-14A5A366F915}.Release|Any CPU.Build.0 = Release|Any CPU
	EndGlobalSection
	GlobalSection(SolutionProperties) = preSolution
		HideSolutionNode = FALSE
	EndGlobalSection
	GlobalSection(ExtensibilityGlobals) = postSolution
		SolutionGuid = {C5950E99-D035-4059-AB8D-6C0DC529BFD8}
	EndGlobalSection
EndGlobal
